PODS:
  - Alamofire (4.8.2)
  - Bolts (1.9.0):
    - Bolts/AppLinks (= 1.9.0)
    - Bolts/Tasks (= 1.9.0)
  - Bolts/AppLinks (1.9.0):
    - Bolts/Tasks
  - Bolts/Tasks (1.9.0)
  - BoringSSL-GRPC (0.0.3):
    - BoringSSL-GRPC/Implementation (= 0.0.3)
    - BoringSSL-GRPC/Interface (= 0.0.3)
  - BoringSSL-GRPC/Implementation (0.0.3):
    - BoringSSL-GRPC/Interface (= 0.0.3)
  - BoringSSL-GRPC/Interface (0.0.3)
  - CCZoomTransition (0.1.2)
  - Crashlytics (3.12.0):
    - Fabric (~> 1.9.0)
  - EasyAnimation (2.2.1)
  - ESTabBarController-swift (2.6.4)
  - Fabric (1.9.0)
  - FacebookCore (0.5.0):
    - Bolts (~> 1.9)
    - FBSDKCoreKit (~> 4.37)
  - FacebookLogin (0.5.0):
    - Bolts (~> 1.9)
    - FacebookCore (~> 0.5)
    - FBSDKCoreKit (~> 4.37)
    - FBSDKLoginKit (~> 4.37)
  - FacebookShare (0.5.0):
    - Bolts (~> 1.9)
    - FacebookCore (~> 0.5)
    - FBSDKCoreKit (~> 4.37)
    - FBSDKShareKit (~> 4.37)
  - FBSDKCoreKit (4.42.0):
    - Bolts (~> 1.9)
  - FBSDKLoginKit (4.42.0):
    - FBSDKCoreKit
  - FBSDKShareKit (4.42.0):
    - FBSDKCoreKit
  - Firebase (4.13.0):
    - Firebase/Core (= 4.13.0)
  - Firebase/Auth (4.13.0):
    - Firebase/Core
    - FirebaseAuth (= 4.6.1)
  - Firebase/Core (4.13.0):
    - FirebaseAnalytics (= 4.2.0)
    - FirebaseCore (= 4.0.20)
  - Firebase/Database (4.13.0):
    - Firebase/Core
    - FirebaseDatabase (= 4.1.5)
  - Firebase/Firestore (4.13.0):
    - Firebase/Core
    - FirebaseFirestore (= 0.11.0)
  - Firebase/Messaging (4.13.0):
    - Firebase/Core
    - FirebaseMessaging (= 2.2.0)
  - Firebase/Storage (4.13.0):
    - Firebase/Core
    - FirebaseStorage (= 2.2.0)
  - FirebaseAnalytics (4.2.0):
    - FirebaseCore (~> 4.0)
    - FirebaseInstanceID (~> 2.0)
    - "GoogleToolboxForMac/NSData+zlib (~> 2.1)"
    - nanopb (~> 0.3)
  - FirebaseAuth (4.6.1):
    - FirebaseAnalytics (~> 4.2)
    - "GoogleToolboxForMac/NSDictionary+URLArguments (~> 2.1)"
    - GTMSessionFetcher/Core (~> 1.1)
  - FirebaseCore (4.0.20):
    - "GoogleToolboxForMac/NSData+zlib (~> 2.1)"
  - FirebaseDatabase (4.1.5):
    - FirebaseAnalytics (~> 4.1)
    - FirebaseCore (~> 4.0)
    - leveldb-library (~> 1.18)
  - FirebaseFirestore (0.11.0):
    - FirebaseAnalytics (~> 4.1)
    - FirebaseCore (~> 4.0)
    - gRPC-ProtoRPC (~> 1.0)
    - leveldb-library (~> 1.18)
    - Protobuf (~> 3.5)
  - FirebaseInstanceID (2.0.10):
    - FirebaseCore (~> 4.0)
  - FirebaseMessaging (2.2.0):
    - FirebaseAnalytics (~> 4.1)
    - FirebaseCore (~> 4.0)
    - FirebaseInstanceID (~> 2.0)
    - GoogleToolboxForMac/Logger (~> 2.1)
    - Protobuf (~> 3.5)
  - FirebaseStorage (2.2.0):
    - FirebaseAnalytics (~> 4.1)
    - FirebaseCore (~> 4.0)
    - GTMSessionFetcher/Core (~> 1.1)
  - FirebaseUI (4.5.5):
    - FirebaseUI/All (= 4.5.5)
  - FirebaseUI/All (4.5.5):
    - FirebaseUI/Auth
    - FirebaseUI/Database
    - FirebaseUI/Facebook
    - FirebaseUI/Firestore
    - FirebaseUI/Google
    - FirebaseUI/Phone
    - FirebaseUI/Storage
    - FirebaseUI/Twitter
  - FirebaseUI/Auth (4.5.5):
    - Firebase/Auth (~> 4.2)
  - FirebaseUI/Database (4.5.5):
    - Firebase/Database (~> 4.0)
  - FirebaseUI/Facebook (4.5.5):
    - FBSDKLoginKit (~> 4.0)
    - FirebaseUI/Auth
  - FirebaseUI/Firestore (4.5.5):
    - Firebase/Firestore
  - FirebaseUI/Google (4.5.5):
    - FirebaseUI/Auth
    - GoogleSignIn (~> 4.0)
  - FirebaseUI/Phone (4.5.5):
    - FirebaseUI/Auth
  - FirebaseUI/Storage (4.5.5):
    - Firebase/Storage (~> 4.0)
    - SDWebImage (~> 4.0)
  - FirebaseUI/Twitter (4.5.5):
    - FirebaseUI/Auth
    - TwitterKit (~> 3.0)
  - GoogleSignIn (4.4.0):
    - "GoogleToolboxForMac/NSDictionary+URLArguments (~> 2.1)"
    - "GoogleToolboxForMac/NSString+URLArguments (~> 2.1)"
    - GTMSessionFetcher/Core (~> 1.1)
  - GoogleToolboxForMac/DebugUtils (2.2.0):
    - GoogleToolboxForMac/Defines (= 2.2.0)
  - GoogleToolboxForMac/Defines (2.2.0)
  - GoogleToolboxForMac/Logger (2.2.0):
    - GoogleToolboxForMac/Defines (= 2.2.0)
  - "GoogleToolboxForMac/NSData+zlib (2.2.0)":
    - GoogleToolboxForMac/Defines (= 2.2.0)
  - "GoogleToolboxForMac/NSDictionary+URLArguments (2.2.0)":
    - GoogleToolboxForMac/DebugUtils (= 2.2.0)
    - GoogleToolboxForMac/Defines (= 2.2.0)
    - "GoogleToolboxForMac/NSString+URLArguments (= 2.2.0)"
  - "GoogleToolboxForMac/NSString+URLArguments (2.2.0)"
  - gRPC (1.19.0):
    - gRPC-RxLibrary (= 1.19.0)
    - gRPC/Main (= 1.19.0)
  - gRPC-Core (1.19.0):
    - gRPC-Core/Implementation (= 1.19.0)
    - gRPC-Core/Interface (= 1.19.0)
  - gRPC-Core/Implementation (1.19.0):
    - BoringSSL-GRPC (= 0.0.3)
    - gRPC-Core/Interface (= 1.19.0)
    - nanopb (~> 0.3)
  - gRPC-Core/Interface (1.19.0)
  - gRPC-ProtoRPC (1.19.0):
    - gRPC-ProtoRPC/Main (= 1.19.0)
  - gRPC-ProtoRPC/Main (1.19.0):
    - gRPC (= 1.19.0)
    - gRPC-RxLibrary (= 1.19.0)
    - Protobuf (~> 3.0)
  - gRPC-RxLibrary (1.19.0)
  - gRPC/Main (1.19.0):
    - gRPC-Core (= 1.19.0)
    - gRPC-RxLibrary (= 1.19.0)
  - GTMSessionFetcher/Core (1.2.1)
  - HCSStarRatingView (1.5)
  - leveldb-library (1.20)
  - lottie-ios (3.0.3)
  - nanopb (0.3.901):
    - nanopb/decode (= 0.3.901)
    - nanopb/encode (= 0.3.901)
  - nanopb/decode (0.3.901)
  - nanopb/encode (0.3.901)
  - NVActivityIndicatorView (4.6.1):
    - NVActivityIndicatorView/Presenter (= 4.6.1)
  - NVActivityIndicatorView/Presenter (4.6.1)
  - pop (1.0.12)
  - Protobuf (3.7.0)
  - ReachabilitySwift (4.3.1)
  - SDWebImage (4.4.6):
    - SDWebImage/Core (= 4.4.6)
  - SDWebImage/Core (4.4.6)
  - StatefulViewController (3.0)
  - Stripe (15.0.0)
  - TransitionButton (0.5.2)
  - TwitterCore (3.2.0)
  - TwitterKit (3.4.2):
    - TwitterCore (>= 3.2.0)

DEPENDENCIES:
  - Alamofire (~> 4.5)
  - Bolts
  - CCZoomTransition (~> 0.1)
  - Crashlytics
  - EasyAnimation
  - ESTabBarController-swift
  - FacebookCore
  - FacebookLogin
  - FacebookShare
  - FBSDKCoreKit
  - FBSDKLoginKit
  - FBSDKShareKit
  - Firebase
  - Firebase/Auth
  - Firebase/Core
  - Firebase/Database
  - Firebase/Messaging
  - Firebase/Storage
  - FirebaseAuth
  - FirebaseUI (~> 4.0)
  - GoogleSignIn
  - HCSStarRatingView (~> 1.5)
  - lottie-ios
  - NVActivityIndicatorView
  - pop (~> 1.0)
  - ReachabilitySwift
  - StatefulViewController (~> 3.0)
  - Stripe
  - TransitionButton

SPEC REPOS:
  https://github.com/cocoapods/specs.git:
    - Alamofire
    - Bolts
    - BoringSSL-GRPC
    - CCZoomTransition
    - Crashlytics
    - EasyAnimation
    - ESTabBarController-swift
    - Fabric
    - FacebookCore
    - FacebookLogin
    - FacebookShare
    - FBSDKCoreKit
    - FBSDKLoginKit
    - FBSDKShareKit
    - Firebase
    - FirebaseAnalytics
    - FirebaseAuth
    - FirebaseCore
    - FirebaseDatabase
    - FirebaseFirestore
    - FirebaseInstanceID
    - FirebaseMessaging
    - FirebaseStorage
    - FirebaseUI
    - GoogleSignIn
    - GoogleToolboxForMac
    - gRPC
    - gRPC-Core
    - gRPC-ProtoRPC
    - gRPC-RxLibrary
    - GTMSessionFetcher
    - HCSStarRatingView
    - leveldb-library
    - lottie-ios
    - nanopb
    - NVActivityIndicatorView
    - pop
    - Protobuf
    - ReachabilitySwift
    - SDWebImage
    - StatefulViewController
    - Stripe
    - TransitionButton
    - TwitterCore
    - TwitterKit

SPEC CHECKSUMS:
  Alamofire: ae5c501addb7afdbb13687d7f2f722c78734c2d3
  Bolts: ac6567323eac61e203f6a9763667d0f711be34c8
  BoringSSL-GRPC: db8764df3204ccea016e1c8dd15d9a9ad63ff318
  CCZoomTransition: 224c2dc8669302c416399771d4307c18bc4530ca
  Crashlytics: 07fb167b1694128c1c9a5a5cc319b0e9c3ca0933
  EasyAnimation: 226d133d23ef0ef99ddfb8928ff2a9a4a77d1cfd
  ESTabBarController-swift: 58cca4ab7de980657d99a02181c1ff310983e975
  Fabric: f988e33c97f08930a413e08123064d2e5f68d655
  FacebookCore: 74288d0add931d361b1596beae787ab72c438249
  FacebookLogin: ebcf34714a1cb9f0759d9f071cfb01ed500996cf
  FacebookShare: 963b4bb1124a64a395b1e428163d70b5774116e8
  FBSDKCoreKit: aa42f1c384775f8b075f53a43080474278e9701d
  FBSDKLoginKit: 373830c68aa48c9e8f0bfed93a3e32d2ca8963a0
  FBSDKShareKit: 387749259d79e4070ebb304b3fd256e4b4bc4298
  Firebase: 5ec5e863d269d82d66b4bf56856726f8fb8f0fb3
  FirebaseAnalytics: 7ef69e76a5142f643aeb47c780e1cdce4e23632e
  FirebaseAuth: bf22cacf22c60ab454bf2636f556d8892b10b53f
  FirebaseCore: 90cb1c53d69b556f112a1bf72b5fcfaad7650790
  FirebaseDatabase: 5f0bc6134c5c237cf55f9e1249d406770a75eafd
  FirebaseFirestore: e92a096ce80c7b4b905d4e9d41dbd944adc9d2a5
  FirebaseInstanceID: 8d20d890d65c917f9f7d9950b6e10a760ad34321
  FirebaseMessaging: 75cdb862e86c30e0913a2ff307e48d49357c5b73
  FirebaseStorage: 0c223481c8f89ed300cf1239ddd2d9833622c65f
  FirebaseUI: 7f149d40db1a67c459df16540256b66d8f8e8c70
  GoogleSignIn: 7ff245e1a7b26d379099d3243a562f5747e23d39
  GoogleToolboxForMac: ff31605b7d66400dcec09bed5861689aebadda4d
  gRPC: 77d2866b3ce1e187b2239d8adba48b98d9524c15
  gRPC-Core: bd9472c8daa2e414b9f8038ba667bf56ce0e02b8
  gRPC-ProtoRPC: cc498c1885e75a1fb6b892881b440707f131fb5e
  gRPC-RxLibrary: 562e2a6d12137d15dfb93bbf652bd3f638e3eb8a
  GTMSessionFetcher: 32aeca0aa144acea523e1c8e053089dec2cb98ca
  HCSStarRatingView: 1d18f79654735514cd6f00e6d90e38cb6320dc31
  leveldb-library: 08cba283675b7ed2d99629a4bc5fd052cd2bb6a5
  lottie-ios: 06e0b54aab85ba128e332687d7f4ac4861a7a7ae
  nanopb: 2901f78ea1b7b4015c860c2fdd1ea2fee1a18d48
  NVActivityIndicatorView: 4ca19fccc84595a78957336a086d00a49be6ce61
  pop: d582054913807fd11fd50bfe6a539d91c7e1a55a
  Protobuf: 7a877b7f3e5964e3fce995e2eb323dbc6831bb5a
  ReachabilitySwift: 4032e2f59586e11e3b0ebe15b167abdd587a388b
  SDWebImage: 3f3f0c02f09798048c47a5ed0a13f17b063572d8
  StatefulViewController: 4803bf900d44de26074344998e10e041113b5931
  Stripe: 312b22a67af9fa55c246d26148b3f3a9636a0ff2
  TransitionButton: fb271583d9c9e4bb116b97103047e5157653f233
  TwitterCore: 8cbc9ad34d91c63a0035ea05bfbfc0d7ca72a28c
  TwitterKit: 5e4f41d70b9abdb41df5467f52d7aa2c0fd26ebb

PODFILE CHECKSUM: 1c626b0445488f4f7014a14e44ec844b691d4858

COCOAPODS: 1.5.3
